
Microsoft Visual Studio Solution File, Format Version 12.00
Project("{FAE04EC0-301F-11D3-BF4B-00C04F79EFBC}") = "SignalR_Angular", "SignalR_Angular\SignalR_Angular.csproj", "{0F0988C2-FC4F-42AA-B1FE-92371DAFE6BA}"
EndProject
Global
	GlobalSection(SolutionConfigurationPlatforms) = preSolution
		Debug|Any CPU = Debug|Any CPU
		Release|Any CPU = Release|Any CPU
	EndGlobalSection
	GlobalSection(ProjectConfigurationPlatforms) = postSolution
		{0F0988C2-FC4F-42AA-B1FE-92371DAFE6BA}.Debug|Any CPU.ActiveCfg = Debug|Any CPU
		{0F0988C2-FC4F-42AA-B1FE-92371DAFE6BA}.Debug|Any CPU.Build.0 = Debug|Any CPU
		{0F0988C2-FC4F-42AA-B1FE-92371DAFE6BA}.Release|Any CPU.ActiveCfg = Release|Any CPU
		{0F0988C2-FC4F-42AA-B1FE-92371DAFE6BA}.Release|Any CPU.Build.0 = Release|Any CPU
	EndGlobalSection
EndGlobal
